
Microsoft Visual Studio Solution File, Format Version 12.00
# Visual Studio Version 16
VisualStudioVersion = 16.0.34902.97
MinimumVisualStudioVersion = 10.0.40219.1
Project("{FAE04EC0-301F-11D3-BF4B-00C04F79EFBC}") = "AutoMarket", "AutoMarket.csproj", "{8E76B1D6-302E-40E4-8AE1-F3D5546303EC}"
EndProject
Global
	GlobalSection(SolutionConfigurationPlatforms) = preSolution
		Debug|Any CPU = Debug|Any CPU
		Release|Any CPU = Release|Any CPU
	EndGlobalSection
	GlobalSection(ProjectConfigurationPlatforms) = postSolution
		{8E76B1D6-302E-40E4-8AE1-F3D5546303EC}.Debug|Any CPU.ActiveCfg = Debug|Any CPU
		{8E76B1D6-302E-40E4-8AE1-F3D5546303EC}.Debug|Any CPU.Build.0 = Debug|Any CPU
		{8E76B1D6-302E-40E4-8AE1-F3D5546303EC}.Release|Any CPU.ActiveCfg = Release|Any CPU
		{8E76B1D6-302E-40E4-8AE1-F3D5546303EC}.Release|Any CPU.Build.0 = Release|Any CPU
	EndGlobalSection
	GlobalSection(SolutionProperties) = preSolution
		HideSolutionNode = FALSE
	EndGlobalSection
	GlobalSection(ExtensibilityGlobals) = postSolution
		SolutionGuid = {189B8D08-8494-4414-ACB3-38BF1C2A3EC3}
	EndGlobalSection
EndGlobal
